// !$*UTF8*$!
{
	archiveVersion = 1;
	classes = {
	};
	objectVersion = 50;
	objects = {

/* Begin PBXBuildFile section */
		F05102EE273AF0AA00741E26 /* HexagonParameters.swift in Sources */ = {isa = PBXBuildFile; fileRef = F05102ED273AF0AA00741E26 /* HexagonParameters.swift */; };
		F05102F0273AF1C300741E26 /* BadgeBackground.swift in Sources */ = {isa = PBXBuildFile; fileRef = F05102EF273AF1C300741E26 /* BadgeBackground.swift */; };
		F05102F2273AF7DD00741E26 /* BadgeSymbol.swift in Sources */ = {isa = PBXBuildFile; fileRef = F05102F1273AF7DD00741E26 /* BadgeSymbol.swift */; };
		F05102F4273AF94200741E26 /* RotatedBadgeSymbol.swift in Sources */ = {isa = PBXBuildFile; fileRef = F05102F3273AF94200741E26 /* RotatedBadgeSymbol.swift */; };
		F05102F6273AF9E100741E26 /* Badge.swift in Sources */ = {isa = PBXBuildFile; fileRef = F05102F5273AF9E100741E26 /* Badge.swift */; };
		F05102FB273AFC9E00741E26 /* hikeData.json in Resources */ = {isa = PBXBuildFile; fileRef = F05102FA273AFC9E00741E26 /* hikeData.json */; };
		F05102FD273AFE9800741E26 /* Hike.swift in Sources */ = {isa = PBXBuildFile; fileRef = F05102FC273AFE9800741E26 /* Hike.swift */; };
		F0510305273AFF4800741E26 /* GraphCapsule.swift in Sources */ = {isa = PBXBuildFile; fileRef = F0510301273AFF4800741E26 /* GraphCapsule.swift */; };
		F0510306273AFF4800741E26 /* HikeGraph.swift in Sources */ = {isa = PBXBuildFile; fileRef = F0510302273AFF4800741E26 /* HikeGraph.swift */; };
		F0510307273AFF4800741E26 /* HikeDetail.swift in Sources */ = {isa = PBXBuildFile; fileRef = F0510303273AFF4800741E26 /* HikeDetail.swift */; };
		F0510308273AFF4800741E26 /* HikeView.swift in Sources */ = {isa = PBXBuildFile; fileRef = F0510304273AFF4800741E26 /* HikeView.swift */; };
		F051030A273B23E700741E26 /* CategoryHome.swift in Sources */ = {isa = PBXBuildFile; fileRef = F0510309273B23E700741E26 /* CategoryHome.swift */; };
		F051030C273B24D600741E26 /* CategoryRow.swift in Sources */ = {isa = PBXBuildFile; fileRef = F051030B273B24D600741E26 /* CategoryRow.swift */; };
		F051030E273B259000741E26 /* CategoryItem.swift in Sources */ = {isa = PBXBuildFile; fileRef = F051030D273B259000741E26 /* CategoryItem.swift */; };
		F0510311273B309300741E26 /* Profile.swift in Sources */ = {isa = PBXBuildFile; fileRef = F0510310273B309300741E26 /* Profile.swift */; };
		F0510313273B35E800741E26 /* ProfileHost.swift in Sources */ = {isa = PBXBuildFile; fileRef = F0510312273B35E800741E26 /* ProfileHost.swift */; };
		F0510315273B360F00741E26 /* ProfileSummary.swift in Sources */ = {isa = PBXBuildFile; fileRef = F0510314273B360F00741E26 /* ProfileSummary.swift */; };
		F0510317273B366F00741E26 /* SwiftUIView.swift in Sources */ = {isa = PBXBuildFile; fileRef = F0510316273B366F00741E26 /* SwiftUIView.swift */; };
		F0510319273B37A500741E26 /* ProfileEditor.swift in Sources */ = {isa = PBXBuildFile; fileRef = F0510318273B37A500741E26 /* ProfileEditor.swift */; };
		F051032A273C322C00741E26 /* Assets.xcassets in Resources */ = {isa = PBXBuildFile; fileRef = F0510329273C322C00741E26 /* Assets.xcassets */; };
		F0510330273C322C00741E26 /* WatchLandmarks WatchKit Extension.appex in Embed App Extensions */ = {isa = PBXBuildFile; fileRef = F051032F273C322C00741E26 /* WatchLandmarks WatchKit Extension.appex */; settings = {ATTRIBUTES = (RemoveHeadersOnCopy, ); }; };
		F0510337273C322D00741E26 /* ContentView.swift in Sources */ = {isa = PBXBuildFile; fileRef = F0510336273C322C00741E26 /* ContentView.swift */; };
		F0510339273C322D00741E26 /* NotificationController.swift in Sources */ = {isa = PBXBuildFile; fileRef = F0510338273C322D00741E26 /* NotificationController.swift */; };
		F051033B273C322D00741E26 /* NotificationView.swift in Sources */ = {isa = PBXBuildFile; fileRef = F051033A273C322D00741E26 /* NotificationView.swift */; };
		F051033D273C322D00741E26 /* ComplicationController.swift in Sources */ = {isa = PBXBuildFile; fileRef = F051033C273C322D00741E26 /* ComplicationController.swift */; };
		F051033F273C322D00741E26 /* Assets.xcassets in Resources */ = {isa = PBXBuildFile; fileRef = F051033E273C322D00741E26 /* Assets.xcassets */; };
		F0510342273C322D00741E26 /* Preview Assets.xcassets in Resources */ = {isa = PBXBuildFile; fileRef = F0510341273C322D00741E26 /* Preview Assets.xcassets */; };
		F051034E273C322D00741E26 /* WatchLandmarksTests.swift in Sources */ = {isa = PBXBuildFile; fileRef = F051034D273C322D00741E26 /* WatchLandmarksTests.swift */; };
		F0510358273C322D00741E26 /* WatchLandmarksUITests.swift in Sources */ = {isa = PBXBuildFile; fileRef = F0510357273C322D00741E26 /* WatchLandmarksUITests.swift */; };
		F051035A273C322D00741E26 /* WatchLandmarksUITestsLaunchTests.swift in Sources */ = {isa = PBXBuildFile; fileRef = F0510359273C322D00741E26 /* WatchLandmarksUITestsLaunchTests.swift */; };
		F051035D273C322D00741E26 /* WatchLandmarks.app in Embed Watch Content */ = {isa = PBXBuildFile; fileRef = F0510327273C322B00741E26 /* WatchLandmarks.app */; settings = {ATTRIBUTES = (RemoveHeadersOnCopy, ); }; };
		F0510378273CBFF800741E26 /* FeatureCard.swift in Sources */ = {isa = PBXBuildFile; fileRef = F0510374273CBFF800741E26 /* FeatureCard.swift */; };
		F0510379273CBFF800741E26 /* PageView.swift in Sources */ = {isa = PBXBuildFile; fileRef = F0510375273CBFF800741E26 /* PageView.swift */; };
		F051037A273CBFF800741E26 /* PageControl.swift in Sources */ = {isa = PBXBuildFile; fileRef = F0510376273CBFF800741E26 /* PageControl.swift */; };
		F051037B273CBFF800741E26 /* PageViewController.swift in Sources */ = {isa = PBXBuildFile; fileRef = F0510377273CBFF800741E26 /* PageViewController.swift */; };
		F084DF7626972DF00086C9F6 /* LandmarksApp.swift in Sources */ = {isa = PBXBuildFile; fileRef = F084DF7526972DF00086C9F6 /* LandmarksApp.swift */; };
		F084DF7826972DF00086C9F6 /* ContentView.swift in Sources */ = {isa = PBXBuildFile; fileRef = F084DF7726972DF00086C9F6 /* ContentView.swift */; };
		F084DF7A26972DF40086C9F6 /* Assets.xcassets in Resources */ = {isa = PBXBuildFile; fileRef = F084DF7926972DF40086C9F6 /* Assets.xcassets */; };
		F084DF8826972DF50086C9F6 /* LandmarksTests.swift in Sources */ = {isa = PBXBuildFile; fileRef = F084DF8726972DF50086C9F6 /* LandmarksTests.swift */; };
		F084DF9326972DF50086C9F6 /* LandmarksUITests.swift in Sources */ = {isa = PBXBuildFile; fileRef = F084DF9226972DF50086C9F6 /* LandmarksUITests.swift */; };
		F084DFA126972FA30086C9F6 /* CircleImage.swift in Sources */ = {isa = PBXBuildFile; fileRef = F084DFA026972FA30086C9F6 /* CircleImage.swift */; };
		F084DFA3269739D80086C9F6 /* MapView.swift in Sources */ = {isa = PBXBuildFile; fileRef = F084DFA2269739D80086C9F6 /* MapView.swift */; };
		F084DFA526975F600086C9F6 /* landmarkData.json in Resources */ = {isa = PBXBuildFile; fileRef = F084DFA426975F600086C9F6 /* landmarkData.json */; };
		F084DFA726975F8A0086C9F6 /* Landmark.swift in Sources */ = {isa = PBXBuildFile; fileRef = F084DFA626975F8A0086C9F6 /* Landmark.swift */; };
		F084DFA92697681D0086C9F6 /* ModelData.swift in Sources */ = {isa = PBXBuildFile; fileRef = F084DFA82697681D0086C9F6 /* ModelData.swift */; };
		F084DFAE26976AB60086C9F6 /* LandmarkRow.swift in Sources */ = {isa = PBXBuildFile; fileRef = F084DFAD26976AB60086C9F6 /* LandmarkRow.swift */; };
		F084DFB026976D320086C9F6 /* LandmarkList.swift in Sources */ = {isa = PBXBuildFile; fileRef = F084DFAF26976D320086C9F6 /* LandmarkList.swift */; };
		F084DFB2269772610086C9F6 /* LandmarkDetail.swift in Sources */ = {isa = PBXBuildFile; fileRef = F084DFB1269772610086C9F6 /* LandmarkDetail.swift */; };
		F084DFB4269776800086C9F6 /* Preview Content in Resources */ = {isa = PBXBuildFile; fileRef = F084DFB3269776800086C9F6 /* Preview Content */; };
		F084DFB626A1D8C50086C9F6 /* FavoriteButton.swift in Sources */ = {isa = PBXBuildFile; fileRef = F084DFB526A1D8C50086C9F6 /* FavoriteButton.swift */; };
		F0B02F7D273D8705000B1566 /* LandmarksApp.swift in Sources */ = {isa = PBXBuildFile; fileRef = F084DF7526972DF00086C9F6 /* LandmarksApp.swift */; };
		F0B02F7E273D8705000B1566 /* Profile.swift in Sources */ = {isa = PBXBuildFile; fileRef = F0510310273B309300741E26 /* Profile.swift */; };
		F0B02F7F273D8705000B1566 /* ModelData.swift in Sources */ = {isa = PBXBuildFile; fileRef = F084DFA82697681D0086C9F6 /* ModelData.swift */; };
		F0B02F80273D8705000B1566 /* Hike.swift in Sources */ = {isa = PBXBuildFile; fileRef = F05102FC273AFE9800741E26 /* Hike.swift */; };
		F0B02F81273D8705000B1566 /* LandmarkRow.swift in Sources */ = {isa = PBXBuildFile; fileRef = F084DFAD26976AB60086C9F6 /* LandmarkRow.swift */; };
		F0B02F82273D8705000B1566 /* LandmarkList.swift in Sources */ = {isa = PBXBuildFile; fileRef = F084DFAF26976D320086C9F6 /* LandmarkList.swift */; };
		F0B02F83273D8705000B1566 /* CircleImage.swift in Sources */ = {isa = PBXBuildFile; fileRef = F084DFA026972FA30086C9F6 /* CircleImage.swift */; };
		F0B02F84273D8705000B1566 /* MapView.swift in Sources */ = {isa = PBXBuildFile; fileRef = F084DFA2269739D80086C9F6 /* MapView.swift */; };
		F0B02F85273D8705000B1566 /* landmarkData.json in Resources */ = {isa = PBXBuildFile; fileRef = F084DFA426975F600086C9F6 /* landmarkData.json */; };
		F0B02F86273D8705000B1566 /* hikeData.json in Resources */ = {isa = PBXBuildFile; fileRef = F05102FA273AFC9E00741E26 /* hikeData.json */; };
		F0B02F87273D8705000B1566 /* Landmark.swift in Sources */ = {isa = PBXBuildFile; fileRef = F084DFA626975F8A0086C9F6 /* Landmark.swift */; };
		F0B02F88273D8705000B1566 /* Assets.xcassets in Resources */ = {isa = PBXBuildFile; fileRef = F084DF7926972DF40086C9F6 /* Assets.xcassets */; };
		F0B02F8A273D878E000B1566 /* LandmarkDetail.swift in Sources */ = {isa = PBXBuildFile; fileRef = F0B02F89273D878E000B1566 /* LandmarkDetail.swift */; };
/* End PBXBuildFile section */

/* Begin PBXContainerItemProxy section */
		F0510331273C322C00741E26 /* PBXContainerItemProxy */ = {
			isa = PBXContainerItemProxy;
			containerPortal = F084DF6A26972DF00086C9F6 /* Project object */;
			proxyType = 1;
			remoteGlobalIDString = F051032E273C322C00741E26;
			remoteInfo = "WatchLandmarks WatchKit Extension";
		};
		F051034A273C322D00741E26 /* PBXContainerItemProxy */ = {
			isa = PBXContainerItemProxy;
			containerPortal = F084DF6A26972DF00086C9F6 /* Project object */;
			proxyType = 1;
			remoteGlobalIDString = F051032E273C322C00741E26;
			remoteInfo = "WatchLandmarks WatchKit Extension";
		};
		F0510354273C322D00741E26 /* PBXContainerItemProxy */ = {
			isa = PBXContainerItemProxy;
			containerPortal = F084DF6A26972DF00086C9F6 /* Project object */;
			proxyType = 1;
			remoteGlobalIDString = F0510326273C322B00741E26;
			remoteInfo = WatchLandmarks;
		};
		F051035B273C322D00741E26 /* PBXContainerItemProxy */ = {
			isa = PBXContainerItemProxy;
			containerPortal = F084DF6A26972DF00086C9F6 /* Project object */;
			proxyType = 1;
			remoteGlobalIDString = F0510326273C322B00741E26;
			remoteInfo = WatchLandmarks;
		};
		F084DF8426972DF50086C9F6 /* PBXContainerItemProxy */ = {
			isa = PBXContainerItemProxy;
			containerPortal = F084DF6A26972DF00086C9F6 /* Project object */;
			proxyType = 1;
			remoteGlobalIDString = F084DF7126972DF00086C9F6;
			remoteInfo = Landmarks;
		};
		F084DF8F26972DF50086C9F6 /* PBXContainerItemProxy */ = {
			isa = PBXContainerItemProxy;
			containerPortal = F084DF6A26972DF00086C9F6 /* Project object */;
			proxyType = 1;
			remoteGlobalIDString = F084DF7126972DF00086C9F6;
			remoteInfo = Landmarks;
		};
/* End PBXContainerItemProxy section */

/* Begin PBXCopyFilesBuildPhase section */
		F0510361273C322D00741E26 /* Embed App Extensions */ = {
			isa = PBXCopyFilesBuildPhase;
			buildActionMask = 2147483647;
			dstPath = "";
			dstSubfolderSpec = 13;
			files = (
				F0510330273C322C00741E26 /* WatchLandmarks WatchKit Extension.appex in Embed App Extensions */,
			);
			name = "Embed App Extensions";
			runOnlyForDeploymentPostprocessing = 0;
		};
		F0510365273C322D00741E26 /* Embed Watch Content */ = {
			isa = PBXCopyFilesBuildPhase;
			buildActionMask = 2147483647;
			dstPath = "$(CONTENTS_FOLDER_PATH)/Watch";
			dstSubfolderSpec = 16;
			files = (
				F051035D273C322D00741E26 /* WatchLandmarks.app in Embed Watch Content */,
			);
			name = "Embed Watch Content";
			runOnlyForDeploymentPostprocessing = 0;
		};
/* End PBXCopyFilesBuildPhase section */

/* Begin PBXFileReference section */
		F05102ED273AF0AA00741E26 /* HexagonParameters.swift */ = {isa = PBXFileReference; lastKnownFileType = sourcecode.swift; path = HexagonParameters.swift; sourceTree = "<group>"; };
		F05102EF273AF1C300741E26 /* BadgeBackground.swift */ = {isa = PBXFileReference; lastKnownFileType = sourcecode.swift; path = BadgeBackground.swift; sourceTree = "<group>"; };
		F05102F1273AF7DD00741E26 /* BadgeSymbol.swift */ = {isa = PBXFileReference; lastKnownFileType = sourcecode.swift; path = BadgeSymbol.swift; sourceTree = "<group>"; };
		F05102F3273AF94200741E26 /* RotatedBadgeSymbol.swift */ = {isa = PBXFileReference; lastKnownFileType = sourcecode.swift; path = RotatedBadgeSymbol.swift; sourceTree = "<group>"; };
		F05102F5273AF9E100741E26 /* Badge.swift */ = {isa = PBXFileReference; lastKnownFileType = sourcecode.swift; path = Badge.swift; sourceTree = "<group>"; };
		F05102FA273AFC9E00741E26 /* hikeData.json */ = {isa = PBXFileReference; fileEncoding = 4; lastKnownFileType = text.json; path = hikeData.json; sourceTree = "<group>"; };
		F05102FC273AFE9800741E26 /* Hike.swift */ = {isa = PBXFileReference; fileEncoding = 4; lastKnownFileType = sourcecode.swift; path = Hike.swift; sourceTree = "<group>"; };
		F0510301273AFF4800741E26 /* GraphCapsule.swift */ = {isa = PBXFileReference; fileEncoding = 4; lastKnownFileType = sourcecode.swift; path = GraphCapsule.swift; sourceTree = "<group>"; };
		F0510302273AFF4800741E26 /* HikeGraph.swift */ = {isa = PBXFileReference; fileEncoding = 4; lastKnownFileType = sourcecode.swift; path = HikeGraph.swift; sourceTree = "<group>"; };
		F0510303273AFF4800741E26 /* HikeDetail.swift */ = {isa = PBXFileReference; fileEncoding = 4; lastKnownFileType = sourcecode.swift; path = HikeDetail.swift; sourceTree = "<group>"; };
		F0510304273AFF4800741E26 /* HikeView.swift */ = {isa = PBXFileReference; fileEncoding = 4; lastKnownFileType = sourcecode.swift; path = HikeView.swift; sourceTree = "<group>"; };
		F0510309273B23E700741E26 /* CategoryHome.swift */ = {isa = PBXFileReference; lastKnownFileType = sourcecode.swift; path = CategoryHome.swift; sourceTree = "<group>"; };
		F051030B273B24D600741E26 /* CategoryRow.swift */ = {isa = PBXFileReference; lastKnownFileType = sourcecode.swift; path = CategoryRow.swift; sourceTree = "<group>"; };
		F051030D273B259000741E26 /* CategoryItem.swift */ = {isa = PBXFileReference; lastKnownFileType = sourcecode.swift; path = CategoryItem.swift; sourceTree = "<group>"; };
		F0510310273B309300741E26 /* Profile.swift */ = {isa = PBXFileReference; lastKnownFileType = sourcecode.swift; path = Profile.swift; sourceTree = "<group>"; };
		F0510312273B35E800741E26 /* ProfileHost.swift */ = {isa = PBXFileReference; lastKnownFileType = sourcecode.swift; path = ProfileHost.swift; sourceTree = "<group>"; };
		F0510314273B360F00741E26 /* ProfileSummary.swift */ = {isa = PBXFileReference; lastKnownFileType = sourcecode.swift; path = ProfileSummary.swift; sourceTree = "<group>"; };
		F0510316273B366F00741E26 /* SwiftUIView.swift */ = {isa = PBXFileReference; lastKnownFileType = sourcecode.swift; path = SwiftUIView.swift; sourceTree = "<group>"; };
		F0510318273B37A500741E26 /* ProfileEditor.swift */ = {isa = PBXFileReference; lastKnownFileType = sourcecode.swift; path = ProfileEditor.swift; sourceTree = "<group>"; };
		F0510327273C322B00741E26 /* WatchLandmarks.app */ = {isa = PBXFileReference; explicitFileType = wrapper.application; includeInIndex = 0; path = WatchLandmarks.app; sourceTree = BUILT_PRODUCTS_DIR; };
		F0510329273C322C00741E26 /* Assets.xcassets */ = {isa = PBXFileReference; lastKnownFileType = folder.assetcatalog; path = Assets.xcassets; sourceTree = "<group>"; };
		F051032F273C322C00741E26 /* WatchLandmarks WatchKit Extension.appex */ = {isa = PBXFileReference; explicitFileType = "wrapper.app-extension"; includeInIndex = 0; path = "WatchLandmarks WatchKit Extension.appex"; sourceTree = BUILT_PRODUCTS_DIR; };
		F0510336273C322C00741E26 /* ContentView.swift */ = {isa = PBXFileReference; lastKnownFileType = sourcecode.swift; path = ContentView.swift; sourceTree = "<group>"; };
		F0510338273C322D00741E26 /* NotificationController.swift */ = {isa = PBXFileReference; lastKnownFileType = sourcecode.swift; path = NotificationController.swift; sourceTree = "<group>"; };
		F051033A273C322D00741E26 /* NotificationView.swift */ = {isa = PBXFileReference; lastKnownFileType = sourcecode.swift; path = NotificationView.swift; sourceTree = "<group>"; };
		F051033C273C322D00741E26 /* ComplicationController.swift */ = {isa = PBXFileReference; lastKnownFileType = sourcecode.swift; path = ComplicationController.swift; sourceTree = "<group>"; };
		F051033E273C322D00741E26 /* Assets.xcassets */ = {isa = PBXFileReference; lastKnownFileType = folder.assetcatalog; path = Assets.xcassets; sourceTree = "<group>"; };
		F0510341273C322D00741E26 /* Preview Assets.xcassets */ = {isa = PBXFileReference; lastKnownFileType = folder.assetcatalog; path = "Preview Assets.xcassets"; sourceTree = "<group>"; };
		F0510343273C322D00741E26 /* Info.plist */ = {isa = PBXFileReference; lastKnownFileType = text.plist.xml; path = Info.plist; sourceTree = "<group>"; };
		F0510344273C322D00741E26 /* PushNotificationPayload.apns */ = {isa = PBXFileReference; lastKnownFileType = text; path = PushNotificationPayload.apns; sourceTree = "<group>"; };
		F0510349273C322D00741E26 /* WatchLandmarksTests.xctest */ = {isa = PBXFileReference; explicitFileType = wrapper.cfbundle; includeInIndex = 0; path = WatchLandmarksTests.xctest; sourceTree = BUILT_PRODUCTS_DIR; };
		F051034D273C322D00741E26 /* WatchLandmarksTests.swift */ = {isa = PBXFileReference; lastKnownFileType = sourcecode.swift; path = WatchLandmarksTests.swift; sourceTree = "<group>"; };
		F0510353273C322D00741E26 /* WatchLandmarksUITests.xctest */ = {isa = PBXFileReference; explicitFileType = wrapper.cfbundle; includeInIndex = 0; path = WatchLandmarksUITests.xctest; sourceTree = BUILT_PRODUCTS_DIR; };
		F0510357273C322D00741E26 /* WatchLandmarksUITests.swift */ = {isa = PBXFileReference; lastKnownFileType = sourcecode.swift; path = WatchLandmarksUITests.swift; sourceTree = "<group>"; };
		F0510359273C322D00741E26 /* WatchLandmarksUITestsLaunchTests.swift */ = {isa = PBXFileReference; lastKnownFileType = sourcecode.swift; path = WatchLandmarksUITestsLaunchTests.swift; sourceTree = "<group>"; };
		F0510374273CBFF800741E26 /* FeatureCard.swift */ = {isa = PBXFileReference; fileEncoding = 4; lastKnownFileType = sourcecode.swift; path = FeatureCard.swift; sourceTree = "<group>"; };
		F0510375273CBFF800741E26 /* PageView.swift */ = {isa = PBXFileReference; fileEncoding = 4; lastKnownFileType = sourcecode.swift; path = PageView.swift; sourceTree = "<group>"; };
		F0510376273CBFF800741E26 /* PageControl.swift */ = {isa = PBXFileReference; fileEncoding = 4; lastKnownFileType = sourcecode.swift; path = PageControl.swift; sourceTree = "<group>"; };
		F0510377273CBFF800741E26 /* PageViewController.swift */ = {isa = PBXFileReference; fileEncoding = 4; lastKnownFileType = sourcecode.swift; path = PageViewController.swift; sourceTree = "<group>"; };
		F084DF7226972DF00086C9F6 /* Landmarks.app */ = {isa = PBXFileReference; explicitFileType = wrapper.application; includeInIndex = 0; path = Landmarks.app; sourceTree = BUILT_PRODUCTS_DIR; };
		F084DF7526972DF00086C9F6 /* LandmarksApp.swift */ = {isa = PBXFileReference; lastKnownFileType = sourcecode.swift; path = LandmarksApp.swift; sourceTree = "<group>"; };
		F084DF7726972DF00086C9F6 /* ContentView.swift */ = {isa = PBXFileReference; lastKnownFileType = sourcecode.swift; path = ContentView.swift; sourceTree = "<group>"; };
		F084DF7926972DF40086C9F6 /* Assets.xcassets */ = {isa = PBXFileReference; lastKnownFileType = folder.assetcatalog; path = Assets.xcassets; sourceTree = "<group>"; };
		F084DF7E26972DF40086C9F6 /* Info.plist */ = {isa = PBXFileReference; lastKnownFileType = text.plist.xml; path = Info.plist; sourceTree = "<group>"; };
		F084DF8326972DF50086C9F6 /* LandmarksTests.xctest */ = {isa = PBXFileReference; explicitFileType = wrapper.cfbundle; includeInIndex = 0; path = LandmarksTests.xctest; sourceTree = BUILT_PRODUCTS_DIR; };
		F084DF8726972DF50086C9F6 /* LandmarksTests.swift */ = {isa = PBXFileReference; lastKnownFileType = sourcecode.swift; path = LandmarksTests.swift; sourceTree = "<group>"; };
		F084DF8926972DF50086C9F6 /* Info.plist */ = {isa = PBXFileReference; lastKnownFileType = text.plist.xml; path = Info.plist; sourceTree = "<group>"; };
		F084DF8E26972DF50086C9F6 /* LandmarksUITests.xctest */ = {isa = PBXFileReference; explicitFileType = wrapper.cfbundle; includeInIndex = 0; path = LandmarksUITests.xctest; sourceTree = BUILT_PRODUCTS_DIR; };
		F084DF9226972DF50086C9F6 /* LandmarksUITests.swift */ = {isa = PBXFileReference; lastKnownFileType = sourcecode.swift; path = LandmarksUITests.swift; sourceTree = "<group>"; };
		F084DF9426972DF50086C9F6 /* Info.plist */ = {isa = PBXFileReference; lastKnownFileType = text.plist.xml; path = Info.plist; sourceTree = "<group>"; };
		F084DFA026972FA30086C9F6 /* CircleImage.swift */ = {isa = PBXFileReference; lastKnownFileType = sourcecode.swift; path = CircleImage.swift; sourceTree = "<group>"; };
		F084DFA2269739D80086C9F6 /* MapView.swift */ = {isa = PBXFileReference; lastKnownFileType = sourcecode.swift; path = MapView.swift; sourceTree = "<group>"; };
		F084DFA426975F600086C9F6 /* landmarkData.json */ = {isa = PBXFileReference; fileEncoding = 4; lastKnownFileType = text.json; path = landmarkData.json; sourceTree = "<group>"; };
		F084DFA626975F8A0086C9F6 /* Landmark.swift */ = {isa = PBXFileReference; lastKnownFileType = sourcecode.swift; path = Landmark.swift; sourceTree = "<group>"; };
		F084DFA82697681D0086C9F6 /* ModelData.swift */ = {isa = PBXFileReference; lastKnownFileType = sourcecode.swift; path = ModelData.swift; sourceTree = "<group>"; };
		F084DFAD26976AB60086C9F6 /* LandmarkRow.swift */ = {isa = PBXFileReference; lastKnownFileType = sourcecode.swift; path = LandmarkRow.swift; sourceTree = "<group>"; };
		F084DFAF26976D320086C9F6 /* LandmarkList.swift */ = {isa = PBXFileReference; lastKnownFileType = sourcecode.swift; path = LandmarkList.swift; sourceTree = "<group>"; };
		F084DFB1269772610086C9F6 /* LandmarkDetail.swift */ = {isa = PBXFileReference; lastKnownFileType = sourcecode.swift; path = LandmarkDetail.swift; sourceTree = "<group>"; };
		F084DFB3269776800086C9F6 /* Preview Content */ = {isa = PBXFileReference; lastKnownFileType = folder; path = "Preview Content"; sourceTree = "<group>"; };
		F084DFB526A1D8C50086C9F6 /* FavoriteButton.swift */ = {isa = PBXFileReference; lastKnownFileType = sourcecode.swift; path = FavoriteButton.swift; sourceTree = "<group>"; };
		F0B02F89273D878E000B1566 /* LandmarkDetail.swift */ = {isa = PBXFileReference; lastKnownFileType = sourcecode.swift; path = LandmarkDetail.swift; sourceTree = "<group>"; };
/* End PBXFileReference section */

/* Begin PBXFrameworksBuildPhase section */
		F051032C273C322C00741E26 /* Frameworks */ = {
			isa = PBXFrameworksBuildPhase;
			buildActionMask = 2147483647;
			files = (
			);
			runOnlyForDeploymentPostprocessing = 0;
		};
		F0510346273C322D00741E26 /* Frameworks */ = {
			isa = PBXFrameworksBuildPhase;
			buildActionMask = 2147483647;
			files = (
			);
			runOnlyForDeploymentPostprocessing = 0;
		};
		F0510350273C322D00741E26 /* Frameworks */ = {
			isa = PBXFrameworksBuildPhase;
			buildActionMask = 2147483647;
			files = (
			);
			runOnlyForDeploymentPostprocessing = 0;
		};
		F084DF6F26972DF00086C9F6 /* Frameworks */ = {
			isa = PBXFrameworksBuildPhase;
			buildActionMask = 2147483647;
			files = (
			);
			runOnlyForDeploymentPostprocessing = 0;
		};
		F084DF8026972DF50086C9F6 /* Frameworks */ = {
			isa = PBXFrameworksBuildPhase;
			buildActionMask = 2147483647;
			files = (
			);
			runOnlyForDeploymentPostprocessing = 0;
		};
		F084DF8B26972DF50086C9F6 /* Frameworks */ = {
			isa = PBXFrameworksBuildPhase;
			buildActionMask = 2147483647;
			files = (
			);
			runOnlyForDeploymentPostprocessing = 0;
		};
/* End PBXFrameworksBuildPhase section */

/* Begin PBXGroup section */
		F05102F7273AFA1700741E26 /* Badges */ = {
			isa = PBXGroup;
			children = (
				F05102ED273AF0AA00741E26 /* HexagonParameters.swift */,
				F05102EF273AF1C300741E26 /* BadgeBackground.swift */,
				F05102F1273AF7DD00741E26 /* BadgeSymbol.swift */,
				F05102F3273AF94200741E26 /* RotatedBadgeSymbol.swift */,
				F05102F5273AF9E100741E26 /* Badge.swift */,
			);
			path = Badges;
			sourceTree = "<group>";
		};
		F05102F8273AFB7A00741E26 /* Helpers */ = {
			isa = PBXGroup;
			children = (
				F084DFA026972FA30086C9F6 /* CircleImage.swift */,
				F084DFA2269739D80086C9F6 /* MapView.swift */,
				F084DFB526A1D8C50086C9F6 /* FavoriteButton.swift */,
			);
			path = Helpers;
			sourceTree = "<group>";
		};
		F05102F9273AFBB100741E26 /* Landmarks */ = {
			isa = PBXGroup;
			children = (
				F084DFAD26976AB60086C9F6 /* LandmarkRow.swift */,
				F084DFAF26976D320086C9F6 /* LandmarkList.swift */,
				F084DFB1269772610086C9F6 /* LandmarkDetail.swift */,
			);
			path = Landmarks;
			sourceTree = "<group>";
		};
		F0510300273AFF4800741E26 /* Hikes */ = {
			isa = PBXGroup;
			children = (
				F0510301273AFF4800741E26 /* GraphCapsule.swift */,
				F0510302273AFF4800741E26 /* HikeGraph.swift */,
				F0510303273AFF4800741E26 /* HikeDetail.swift */,
				F0510304273AFF4800741E26 /* HikeView.swift */,
				F0510316273B366F00741E26 /* SwiftUIView.swift */,
			);
			path = Hikes;
			sourceTree = "<group>";
		};
		F051030F273B307100741E26 /* Profiles */ = {
			isa = PBXGroup;
			children = (
				F0510312273B35E800741E26 /* ProfileHost.swift */,
				F0510314273B360F00741E26 /* ProfileSummary.swift */,
				F0510318273B37A500741E26 /* ProfileEditor.swift */,
			);
			path = Profiles;
			sourceTree = "<group>";
		};
		F051031A273B829500741E26 /* PageView */ = {
			isa = PBXGroup;
			children = (
				F0510374273CBFF800741E26 /* FeatureCard.swift */,
				F0510376273CBFF800741E26 /* PageControl.swift */,
				F0510375273CBFF800741E26 /* PageView.swift */,
				F0510377273CBFF800741E26 /* PageViewController.swift */,
			);
			path = PageView;
			sourceTree = "<group>";
		};
		F0510328273C322B00741E26 /* WatchLandmarks */ = {
			isa = PBXGroup;
			children = (
				F0510329273C322C00741E26 /* Assets.xcassets */,
			);
			path = WatchLandmarks;
			sourceTree = "<group>";
		};
		F0510333273C322C00741E26 /* WatchLandmarks WatchKit Extension */ = {
			isa = PBXGroup;
			children = (
				F0510336273C322C00741E26 /* ContentView.swift */,
				F0510338273C322D00741E26 /* NotificationController.swift */,
				F051033A273C322D00741E26 /* NotificationView.swift */,
				F051033C273C322D00741E26 /* ComplicationController.swift */,
				F051033E273C322D00741E26 /* Assets.xcassets */,
				F0510343273C322D00741E26 /* Info.plist */,
				F0510344273C322D00741E26 /* PushNotificationPayload.apns */,
				F0510340273C322D00741E26 /* Preview Content */,
				F0B02F89273D878E000B1566 /* LandmarkDetail.swift */,
			);
			path = "WatchLandmarks WatchKit Extension";
			sourceTree = "<group>";
		};
		F0510340273C322D00741E26 /* Preview Content */ = {
			isa = PBXGroup;
			children = (
				F0510341273C322D00741E26 /* Preview Assets.xcassets */,
			);
			path = "Preview Content";
			sourceTree = "<group>";
		};
		F051034C273C322D00741E26 /* WatchLandmarksTests */ = {
			isa = PBXGroup;
			children = (
				F051034D273C322D00741E26 /* WatchLandmarksTests.swift */,
			);
			path = WatchLandmarksTests;
			sourceTree = "<group>";
		};
		F0510356273C322D00741E26 /* WatchLandmarksUITests */ = {
			isa = PBXGroup;
			children = (
				F0510357273C322D00741E26 /* WatchLandmarksUITests.swift */,
				F0510359273C322D00741E26 /* WatchLandmarksUITestsLaunchTests.swift */,
			);
			path = WatchLandmarksUITests;
			sourceTree = "<group>";
		};
		F084DF6926972DF00086C9F6 = {
			isa = PBXGroup;
			children = (
				F084DF7426972DF00086C9F6 /* Landmarks */,
				F084DF8626972DF50086C9F6 /* LandmarksTests */,
				F084DF9126972DF50086C9F6 /* LandmarksUITests */,
				F0510328273C322B00741E26 /* WatchLandmarks */,
				F0510333273C322C00741E26 /* WatchLandmarks WatchKit Extension */,
				F051034C273C322D00741E26 /* WatchLandmarksTests */,
				F0510356273C322D00741E26 /* WatchLandmarksUITests */,
				F084DF7326972DF00086C9F6 /* Products */,
			);
			sourceTree = "<group>";
		};
		F084DF7326972DF00086C9F6 /* Products */ = {
			isa = PBXGroup;
			children = (
				F084DF7226972DF00086C9F6 /* Landmarks.app */,
				F084DF8326972DF50086C9F6 /* LandmarksTests.xctest */,
				F084DF8E26972DF50086C9F6 /* LandmarksUITests.xctest */,
				F0510327273C322B00741E26 /* WatchLandmarks.app */,
				F051032F273C322C00741E26 /* WatchLandmarks WatchKit Extension.appex */,
				F0510349273C322D00741E26 /* WatchLandmarksTests.xctest */,
				F0510353273C322D00741E26 /* WatchLandmarksUITests.xctest */,
			);
			name = Products;
			sourceTree = "<group>";
		};
		F084DF7426972DF00086C9F6 /* Landmarks */ = {
			isa = PBXGroup;
			children = (
				F084DFAC269768940086C9F6 /* Resources */,
				F084DFAB2697686A0086C9F6 /* Model */,
				F084DFAA269768590086C9F6 /* Views */,
				F084DF7526972DF00086C9F6 /* LandmarksApp.swift */,
				F084DF7926972DF40086C9F6 /* Assets.xcassets */,
				F084DF7E26972DF40086C9F6 /* Info.plist */,
				F084DFB3269776800086C9F6 /* Preview Content */,
			);
			path = Landmarks;
			sourceTree = "<group>";
		};
		F084DF8626972DF50086C9F6 /* LandmarksTests */ = {
			isa = PBXGroup;
			children = (
				F084DF8726972DF50086C9F6 /* LandmarksTests.swift */,
				F084DF8926972DF50086C9F6 /* Info.plist */,
			);
			path = LandmarksTests;
			sourceTree = "<group>";
		};
		F084DF9126972DF50086C9F6 /* LandmarksUITests */ = {
			isa = PBXGroup;
			children = (
				F084DF9226972DF50086C9F6 /* LandmarksUITests.swift */,
				F084DF9426972DF50086C9F6 /* Info.plist */,
			);
			path = LandmarksUITests;
			sourceTree = "<group>";
		};
		F084DFAA269768590086C9F6 /* Views */ = {
			isa = PBXGroup;
			children = (
				F0B02F7C273D7F6E000B1566 /* Catagories */,
				F051031A273B829500741E26 /* PageView */,
				F051030F273B307100741E26 /* Profiles */,
				F0510300273AFF4800741E26 /* Hikes */,
				F05102F9273AFBB100741E26 /* Landmarks */,
				F05102F8273AFB7A00741E26 /* Helpers */,
				F084DF7726972DF00086C9F6 /* ContentView.swift */,
				F05102F7273AFA1700741E26 /* Badges */,
			);
			path = Views;
			sourceTree = "<group>";
		};
		F084DFAB2697686A0086C9F6 /* Model */ = {
			isa = PBXGroup;
			children = (
				F084DFA626975F8A0086C9F6 /* Landmark.swift */,
				F05102FC273AFE9800741E26 /* Hike.swift */,
				F084DFA82697681D0086C9F6 /* ModelData.swift */,
				F0510310273B309300741E26 /* Profile.swift */,
			);
			path = Model;
			sourceTree = "<group>";
		};
		F084DFAC269768940086C9F6 /* Resources */ = {
			isa = PBXGroup;
			children = (
				F084DFA426975F600086C9F6 /* landmarkData.json */,
				F05102FA273AFC9E00741E26 /* hikeData.json */,
			);
			path = Resources;
			sourceTree = "<group>";
		};
		F0B02F7C273D7F6E000B1566 /* Catagories */ = {
			isa = PBXGroup;
			children = (
				F0510309273B23E700741E26 /* CategoryHome.swift */,
				F051030B273B24D600741E26 /* CategoryRow.swift */,
				F051030D273B259000741E26 /* CategoryItem.swift */,
			);
			path = Catagories;
			sourceTree = "<group>";
		};
/* End PBXGroup section */

/* Begin PBXNativeTarget section */
		F0510326273C322B00741E26 /* WatchLandmarks */ = {
			isa = PBXNativeTarget;
			buildConfigurationList = F0510362273C322D00741E26 /* Build configuration list for PBXNativeTarget "WatchLandmarks" */;
			buildPhases = (
				F0510325273C322B00741E26 /* Resources */,
				F0510361273C322D00741E26 /* Embed App Extensions */,
			);
			buildRules = (
			);
			dependencies = (
				F0510332273C322C00741E26 /* PBXTargetDependency */,
			);
			name = WatchLandmarks;
			productName = WatchLandmarks;
			productReference = F0510327273C322B00741E26 /* WatchLandmarks.app */;
			productType = "com.apple.product-type.application.watchapp2";
		};
		F051032E273C322C00741E26 /* WatchLandmarks WatchKit Extension */ = {
			isa = PBXNativeTarget;
			buildConfigurationList = F051035E273C322D00741E26 /* Build configuration list for PBXNativeTarget "WatchLandmarks WatchKit Extension" */;
			buildPhases = (
				F051032B273C322C00741E26 /* Sources */,
				F051032C273C322C00741E26 /* Frameworks */,
				F051032D273C322C00741E26 /* Resources */,
			);
			buildRules = (
			);
			dependencies = (
			);
			name = "WatchLandmarks WatchKit Extension";
			productName = "WatchLandmarks WatchKit Extension";
			productReference = F051032F273C322C00741E26 /* WatchLandmarks WatchKit Extension.appex */;
			productType = "com.apple.product-type.watchkit2-extension";
		};
		F0510348273C322D00741E26 /* WatchLandmarksTests */ = {
			isa = PBXNativeTarget;
			buildConfigurationList = F0510366273C322D00741E26 /* Build configuration list for PBXNativeTarget "WatchLandmarksTests" */;
			buildPhases = (
				F0510345273C322D00741E26 /* Sources */,
				F0510346273C322D00741E26 /* Frameworks */,
				F0510347273C322D00741E26 /* Resources */,
			);
			buildRules = (
			);
			dependencies = (
				F051034B273C322D00741E26 /* PBXTargetDependency */,
			);
			name = WatchLandmarksTests;
			productName = WatchLandmarksTests;
			productReference = F0510349273C322D00741E26 /* WatchLandmarksTests.xctest */;
			productType = "com.apple.product-type.bundle.unit-test";
		};
		F0510352273C322D00741E26 /* WatchLandmarksUITests */ = {
			isa = PBXNativeTarget;
			buildConfigurationList = F0510369273C322D00741E26 /* Build configuration list for PBXNativeTarget "WatchLandmarksUITests" */;
			buildPhases = (
				F051034F273C322D00741E26 /* Sources */,
				F0510350273C322D00741E26 /* Frameworks */,
				F0510351273C322D00741E26 /* Resources */,
			);
			buildRules = (
			);
			dependencies = (
				F0510355273C322D00741E26 /* PBXTargetDependency */,
			);
			name = WatchLandmarksUITests;
			productName = WatchLandmarksUITests;
			productReference = F0510353273C322D00741E26 /* WatchLandmarksUITests.xctest */;
			productType = "com.apple.product-type.bundle.ui-testing";
		};
		F084DF7126972DF00086C9F6 /* Landmarks */ = {
			isa = PBXNativeTarget;
			buildConfigurationList = F084DF9726972DF50086C9F6 /* Build configuration list for PBXNativeTarget "Landmarks" */;
			buildPhases = (
				F084DF6E26972DF00086C9F6 /* Sources */,
				F084DF6F26972DF00086C9F6 /* Frameworks */,
				F084DF7026972DF00086C9F6 /* Resources */,
				F0510365273C322D00741E26 /* Embed Watch Content */,
			);
			buildRules = (
			);
			dependencies = (
				F051035C273C322D00741E26 /* PBXTargetDependency */,
			);
			name = Landmarks;
			productName = Landmarks;
			productReference = F084DF7226972DF00086C9F6 /* Landmarks.app */;
			productType = "com.apple.product-type.application";
		};
		F084DF8226972DF50086C9F6 /* LandmarksTests */ = {
			isa = PBXNativeTarget;
			buildConfigurationList = F084DF9A26972DF50086C9F6 /* Build configuration list for PBXNativeTarget "LandmarksTests" */;
			buildPhases = (
				F084DF7F26972DF50086C9F6 /* Sources */,
				F084DF8026972DF50086C9F6 /* Frameworks */,
				F084DF8126972DF50086C9F6 /* Resources */,
			);
			buildRules = (
			);
			dependencies = (
				F084DF8526972DF50086C9F6 /* PBXTargetDependency */,
			);
			name = LandmarksTests;
			productName = LandmarksTests;
			productReference = F084DF8326972DF50086C9F6 /* LandmarksTests.xctest */;
			productType = "com.apple.product-type.bundle.unit-test";
		};
		F084DF8D26972DF50086C9F6 /* LandmarksUITests */ = {
			isa = PBXNativeTarget;
			buildConfigurationList = F084DF9D26972DF50086C9F6 /* Build configuration list for PBXNativeTarget "LandmarksUITests" */;
			buildPhases = (
				F084DF8A26972DF50086C9F6 /* Sources */,
				F084DF8B26972DF50086C9F6 /* Frameworks */,
				F084DF8C26972DF50086C9F6 /* Resources */,
			);
			buildRules = (
			);
			dependencies = (
				F084DF9026972DF50086C9F6 /* PBXTargetDependency */,
			);
			name = LandmarksUITests;
			productName = LandmarksUITests;
			productReference = F084DF8E26972DF50086C9F6 /* LandmarksUITests.xctest */;
			productType = "com.apple.product-type.bundle.ui-testing";
		};
/* End PBXNativeTarget section */

/* Begin PBXProject section */
		F084DF6A26972DF00086C9F6 /* Project object */ = {
			isa = PBXProject;
			attributes = {
				LastSwiftUpdateCheck = 1310;
				LastUpgradeCheck = 1250;
				TargetAttributes = {
					F0510326273C322B00741E26 = {
						CreatedOnToolsVersion = 13.1;
					};
					F051032E273C322C00741E26 = {
						CreatedOnToolsVersion = 13.1;
					};
					F0510348273C322D00741E26 = {
						CreatedOnToolsVersion = 13.1;
						TestTargetID = F051032E273C322C00741E26;
					};
					F0510352273C322D00741E26 = {
						CreatedOnToolsVersion = 13.1;
						TestTargetID = F0510326273C322B00741E26;
					};
					F084DF7126972DF00086C9F6 = {
						CreatedOnToolsVersion = 12.5.1;
					};
					F084DF8226972DF50086C9F6 = {
						CreatedOnToolsVersion = 12.5.1;
						TestTargetID = F084DF7126972DF00086C9F6;
					};
					F084DF8D26972DF50086C9F6 = {
						CreatedOnToolsVersion = 12.5.1;
						TestTargetID = F084DF7126972DF00086C9F6;
					};
				};
			};
			buildConfigurationList = F084DF6D26972DF00086C9F6 /* Build configuration list for PBXProject "Landmarks" */;
			compatibilityVersion = "Xcode 9.3";
			developmentRegion = en;
			hasScannedForEncodings = 0;
			knownRegions = (
				en,
				Base,
			);
			mainGroup = F084DF6926972DF00086C9F6;
			productRefGroup = F084DF7326972DF00086C9F6 /* Products */;
			projectDirPath = "";
			projectRoot = "";
			targets = (
				F084DF7126972DF00086C9F6 /* Landmarks */,
				F084DF8226972DF50086C9F6 /* LandmarksTests */,
				F084DF8D26972DF50086C9F6 /* LandmarksUITests */,
				F0510326273C322B00741E26 /* WatchLandmarks */,
				F051032E273C322C00741E26 /* WatchLandmarks WatchKit Extension */,
				F0510348273C322D00741E26 /* WatchLandmarksTests */,
				F0510352273C322D00741E26 /* WatchLandmarksUITests */,
			);
		};
/* End PBXProject section */

/* Begin PBXResourcesBuildPhase section */
		F0510325273C322B00741E26 /* Resources */ = {
			isa = PBXResourcesBuildPhase;
			buildActionMask = 2147483647;
			files = (
				F051032A273C322C00741E26 /* Assets.xcassets in Resources */,
			);
			runOnlyForDeploymentPostprocessing = 0;
		};
		F051032D273C322C00741E26 /* Resources */ = {
			isa = PBXResourcesBuildPhase;
			buildActionMask = 2147483647;
			files = (
				F0B02F86273D8705000B1566 /* hikeData.json in Resources */,
				F0510342273C322D00741E26 /* Preview Assets.xcassets in Resources */,
				F051033F273C322D00741E26 /* Assets.xcassets in Resources */,
				F0B02F85273D8705000B1566 /* landmarkData.json in Resources */,
				F0B02F88273D8705000B1566 /* Assets.xcassets in Resources */,
			);
			runOnlyForDeploymentPostprocessing = 0;
		};
		F0510347273C322D00741E26 /* Resources */ = {
			isa = PBXResourcesBuildPhase;
			buildActionMask = 2147483647;
			files = (
			);
			runOnlyForDeploymentPostprocessing = 0;
		};
		F0510351273C322D00741E26 /* Resources */ = {
			isa = PBXResourcesBuildPhase;
			buildActionMask = 2147483647;
			files = (
			);
			runOnlyForDeploymentPostprocessing = 0;
		};
		F084DF7026972DF00086C9F6 /* Resources */ = {
			isa = PBXResourcesBuildPhase;
			buildActionMask = 2147483647;
			files = (
				F05102FB273AFC9E00741E26 /* hikeData.json in Resources */,
				F084DFB4269776800086C9F6 /* Preview Content in Resources */,
				F084DF7A26972DF40086C9F6 /* Assets.xcassets in Resources */,
				F084DFA526975F600086C9F6 /* landmarkData.json in Resources */,
			);
			runOnlyForDeploymentPostprocessing = 0;
		};
		F084DF8126972DF50086C9F6 /* Resources */ = {
			isa = PBXResourcesBuildPhase;
			buildActionMask = 2147483647;
			files = (
			);
			runOnlyForDeploymentPostprocessing = 0;
		};
		F084DF8C26972DF50086C9F6 /* Resources */ = {
			isa = PBXResourcesBuildPhase;
			buildActionMask = 2147483647;
			files = (
			);
			runOnlyForDeploymentPostprocessing = 0;
		};
/* End PBXResourcesBuildPhase section */

/* Begin PBXSourcesBuildPhase section */
		F051032B273C322C00741E26 /* Sources */ = {
			isa = PBXSourcesBuildPhase;
			buildActionMask = 2147483647;
			files = (
				F0B02F87273D8705000B1566 /* Landmark.swift in Sources */,
				F0510339273C322D00741E26 /* NotificationController.swift in Sources */,
				F0B02F84273D8705000B1566 /* MapView.swift in Sources */,
				F0B02F7E273D8705000B1566 /* Profile.swift in Sources */,
				F0510337273C322D00741E26 /* ContentView.swift in Sources */,
				F051033D273C322D00741E26 /* ComplicationController.swift in Sources */,
				F0B02F8A273D878E000B1566 /* LandmarkDetail.swift in Sources */,
				F0B02F7D273D8705000B1566 /* LandmarksApp.swift in Sources */,
				F051033B273C322D00741E26 /* NotificationView.swift in Sources */,
				F0B02F80273D8705000B1566 /* Hike.swift in Sources */,
				F0B02F7F273D8705000B1566 /* ModelData.swift in Sources */,
				F0B02F83273D8705000B1566 /* CircleImage.swift in Sources */,
				F0B02F81273D8705000B1566 /* LandmarkRow.swift in Sources */,
				F0B02F82273D8705000B1566 /* LandmarkList.swift in Sources */,
			);
			runOnlyForDeploymentPostprocessing = 0;
		};
		F0510345273C322D00741E26 /* Sources */ = {
			isa = PBXSourcesBuildPhase;
			buildActionMask = 2147483647;
			files = (
				F051034E273C322D00741E26 /* WatchLandmarksTests.swift in Sources */,
			);
			runOnlyForDeploymentPostprocessing = 0;
		};
		F051034F273C322D00741E26 /* Sources */ = {
			isa = PBXSourcesBuildPhase;
			buildActionMask = 2147483647;
			files = (
				F051035A273C322D00741E26 /* WatchLandmarksUITestsLaunchTests.swift in Sources */,
				F0510358273C322D00741E26 /* WatchLandmarksUITests.swift in Sources */,
			);
			runOnlyForDeploymentPostprocessing = 0;
		};
		F084DF6E26972DF00086C9F6 /* Sources */ = {
			isa = PBXSourcesBuildPhase;
			buildActionMask = 2147483647;
			files = (
				F051030C273B24D600741E26 /* CategoryRow.swift in Sources */,
				F0510311273B309300741E26 /* Profile.swift in Sources */,
				F0510378273CBFF800741E26 /* FeatureCard.swift in Sources */,
				F084DF7826972DF00086C9F6 /* ContentView.swift in Sources */,
				F051030A273B23E700741E26 /* CategoryHome.swift in Sources */,
				F0510306273AFF4800741E26 /* HikeGraph.swift in Sources */,
				F05102F6273AF9E100741E26 /* Badge.swift in Sources */,
				F084DFA3269739D80086C9F6 /* MapView.swift in Sources */,
				F0510305273AFF4800741E26 /* GraphCapsule.swift in Sources */,
				F084DF7626972DF00086C9F6 /* LandmarksApp.swift in Sources */,
				F084DFB626A1D8C50086C9F6 /* FavoriteButton.swift in Sources */,
				F051030E273B259000741E26 /* CategoryItem.swift in Sources */,
				F0510317273B366F00741E26 /* SwiftUIView.swift in Sources */,
				F0510307273AFF4800741E26 /* HikeDetail.swift in Sources */,
				F0510315273B360F00741E26 /* ProfileSummary.swift in Sources */,
				F051037B273CBFF800741E26 /* PageViewController.swift in Sources */,
				F05102EE273AF0AA00741E26 /* HexagonParameters.swift in Sources */,
				F0510313273B35E800741E26 /* ProfileHost.swift in Sources */,
				F05102FD273AFE9800741E26 /* Hike.swift in Sources */,
				F05102F4273AF94200741E26 /* RotatedBadgeSymbol.swift in Sources */,
				F0510319273B37A500741E26 /* ProfileEditor.swift in Sources */,
				F05102F2273AF7DD00741E26 /* BadgeSymbol.swift in Sources */,
				F084DFB026976D320086C9F6 /* LandmarkList.swift in Sources */,
				F0510308273AFF4800741E26 /* HikeView.swift in Sources */,
				F084DFB2269772610086C9F6 /* LandmarkDetail.swift in Sources */,
				F05102F0273AF1C300741E26 /* BadgeBackground.swift in Sources */,
				F0510379273CBFF800741E26 /* PageView.swift in Sources */,
				F084DFA126972FA30086C9F6 /* CircleImage.swift in Sources */,
				F051037A273CBFF800741E26 /* PageControl.swift in Sources */,
				F084DFA726975F8A0086C9F6 /* Landmark.swift in Sources */,
				F084DFAE26976AB60086C9F6 /* LandmarkRow.swift in Sources */,
				F084DFA92697681D0086C9F6 /* ModelData.swift in Sources */,
			);
			runOnlyForDeploymentPostprocessing = 0;
		};
		F084DF7F26972DF50086C9F6 /* Sources */ = {
			isa = PBXSourcesBuildPhase;
			buildActionMask = 2147483647;
			files = (
				F084DF8826972DF50086C9F6 /* LandmarksTests.swift in Sources */,
			);
			runOnlyForDeploymentPostprocessing = 0;
		};
		F084DF8A26972DF50086C9F6 /* Sources */ = {
			isa = PBXSourcesBuildPhase;
			buildActionMask = 2147483647;
			files = (
				F084DF9326972DF50086C9F6 /* LandmarksUITests.swift in Sources */,
			);
			runOnlyForDeploymentPostprocessing = 0;
		};
/* End PBXSourcesBuildPhase section */

/* Begin PBXTargetDependency section */
		F0510332273C322C00741E26 /* PBXTargetDependency */ = {
			isa = PBXTargetDependency;
			target = F051032E273C322C00741E26 /* WatchLandmarks WatchKit Extension */;
			targetProxy = F0510331273C322C00741E26 /* PBXContainerItemProxy */;
		};
		F051034B273C322D00741E26 /* PBXTargetDependency */ = {
			isa = PBXTargetDependency;
			target = F051032E273C322C00741E26 /* WatchLandmarks WatchKit Extension */;
			targetProxy = F051034A273C322D00741E26 /* PBXContainerItemProxy */;
		};
		F0510355273C322D00741E26 /* PBXTargetDependency */ = {
			isa = PBXTargetDependency;
			target = F0510326273C322B00741E26 /* WatchLandmarks */;
			targetProxy = F0510354273C322D00741E26 /* PBXContainerItemProxy */;
		};
		F051035C273C322D00741E26 /* PBXTargetDependency */ = {
			isa = PBXTargetDependency;
			target = F0510326273C322B00741E26 /* WatchLandmarks */;
			targetProxy = F051035B273C322D00741E26 /* PBXContainerItemProxy */;
		};
		F084DF8526972DF50086C9F6 /* PBXTargetDependency */ = {
			isa = PBXTargetDependency;
			target = F084DF7126972DF00086C9F6 /* Landmarks */;
			targetProxy = F084DF8426972DF50086C9F6 /* PBXContainerItemProxy */;
		};
		F084DF9026972DF50086C9F6 /* PBXTargetDependency */ = {
			isa = PBXTargetDependency;
			target = F084DF7126972DF00086C9F6 /* Landmarks */;
			targetProxy = F084DF8F26972DF50086C9F6 /* PBXContainerItemProxy */;
		};
/* End PBXTargetDependency section */

/* Begin XCBuildConfiguration section */
		F051035F273C322D00741E26 /* Debug */ = {
			isa = XCBuildConfiguration;
			buildSettings = {
				ASSETCATALOG_COMPILER_COMPLICATION_NAME = Complication;
				CLANG_CXX_LANGUAGE_STANDARD = "gnu++17";
				CODE_SIGN_STYLE = Automatic;
				CURRENT_PROJECT_VERSION = 1;
				DEVELOPMENT_ASSET_PATHS = "\"WatchLandmarks WatchKit Extension/Preview Content\"";
				DEVELOPMENT_TEAM = U2W5XN7UV6;
				ENABLE_PREVIEWS = YES;
				GENERATE_INFOPLIST_FILE = YES;
				INFOPLIST_FILE = "WatchLandmarks WatchKit Extension/Info.plist";
				INFOPLIST_KEY_CFBundleDisplayName = "WatchLandmarks WatchKit Extension";
				INFOPLIST_KEY_CLKComplicationPrincipalClass = WatchLandmarks_WatchKit_Extension.ComplicationController;
				INFOPLIST_KEY_NSHumanReadableCopyright = "";
				INFOPLIST_KEY_WKRunsIndependentlyOfCompanionApp = YES;
				LD_RUNPATH_SEARCH_PATHS = (
					"$(inherited)",
					"@executable_path/Frameworks",
					"@executable_path/../../Frameworks",
				);
				MARKETING_VERSION = 1.0;
				PRODUCT_BUNDLE_IDENTIFIER = shadmanahmed.dev.Landmarks.watchkitapp.watchkitextension;
				PRODUCT_NAME = "${TARGET_NAME}";
				SDKROOT = watchos;
				SKIP_INSTALL = YES;
				SWIFT_EMIT_LOC_STRINGS = YES;
				SWIFT_VERSION = 5.0;
				TARGETED_DEVICE_FAMILY = 4;
				WATCHOS_DEPLOYMENT_TARGET = 8.0;
			};
			name = Debug;
		};
		F0510360273C322D00741E26 /* Release */ = {
			isa = XCBuildConfiguration;
			buildSettings = {
				ASSETCATALOG_COMPILER_COMPLICATION_NAME = Complication;
				CLANG_CXX_LANGUAGE_STANDARD = "gnu++17";
				CODE_SIGN_STYLE = Automatic;
				CURRENT_PROJECT_VERSION = 1;
				DEVELOPMENT_ASSET_PATHS = "\"WatchLandmarks WatchKit Extension/Preview Content\"";
				DEVELOPMENT_TEAM = U2W5XN7UV6;
				ENABLE_PREVIEWS = YES;
				GENERATE_INFOPLIST_FILE = YES;
				INFOPLIST_FILE = "WatchLandmarks WatchKit Extension/Info.plist";
				INFOPLIST_KEY_CFBundleDisplayName = "WatchLandmarks WatchKit Extension";
				INFOPLIST_KEY_CLKComplicationPrincipalClass = WatchLandmarks_WatchKit_Extension.ComplicationController;
				INFOPLIST_KEY_NSHumanReadableCopyright = "";
				INFOPLIST_KEY_WKRunsIndependentlyOfCompanionApp = YES;
				LD_RUNPATH_SEARCH_PATHS = (
					"$(inherited)",
					"@executable_path/Frameworks",
					"@executable_path/../../Frameworks",
				);
				MARKETING_VERSION = 1.0;
				PRODUCT_BUNDLE_IDENTIFIER = shadmanahmed.dev.Landmarks.watchkitapp.watchkitextension;
				PRODUCT_NAME = "${TARGET_NAME}";
				SDKROOT = watchos;
				SKIP_INSTALL = YES;
				SWIFT_EMIT_LOC_STRINGS = YES;
				SWIFT_VERSION = 5.0;
				TARGETED_DEVICE_FAMILY = 4;
				WATCHOS_DEPLOYMENT_TARGET = 8.0;
			};
			name = Release;
		};
		F0510363273C322D00741E26 /* Debug */ = {
			isa = XCBuildConfiguration;
			buildSettings = {
				ALWAYS_EMBED_SWIFT_STANDARD_LIBRARIES = YES;
				ASSETCATALOG_COMPILER_APPICON_NAME = AppIcon;
				ASSETCATALOG_COMPILER_GLOBAL_ACCENT_COLOR_NAME = AccentColor;
				CLANG_CXX_LANGUAGE_STANDARD = "gnu++17";
				CODE_SIGN_STYLE = Automatic;
				CURRENT_PROJECT_VERSION = 1;
				DEVELOPMENT_TEAM = U2W5XN7UV6;
				GENERATE_INFOPLIST_FILE = YES;
				IBSC_MODULE = WatchLandmarks_WatchKit_Extension;
				INFOPLIST_KEY_CFBundleDisplayName = WatchLandmarks;
				INFOPLIST_KEY_UISupportedInterfaceOrientations = "UIInterfaceOrientationPortrait UIInterfaceOrientationPortraitUpsideDown";
				INFOPLIST_KEY_WKCompanionAppBundleIdentifier = shadmanahmed.dev.Landmarks;
				MARKETING_VERSION = 1.0;
				PRODUCT_BUNDLE_IDENTIFIER = shadmanahmed.dev.Landmarks.watchkitapp;
				PRODUCT_NAME = "$(TARGET_NAME)";
				SDKROOT = watchos;
				SKIP_INSTALL = YES;
				SWIFT_EMIT_LOC_STRINGS = YES;
				SWIFT_VERSION = 5.0;
				TARGETED_DEVICE_FAMILY = 4;
				WATCHOS_DEPLOYMENT_TARGET = 8.0;
			};
			name = Debug;
		};
		F0510364273C322D00741E26 /* Release */ = {
			isa = XCBuildConfiguration;
			buildSettings = {
				ALWAYS_EMBED_SWIFT_STANDARD_LIBRARIES = YES;
				ASSETCATALOG_COMPILER_APPICON_NAME = AppIcon;
				ASSETCATALOG_COMPILER_GLOBAL_ACCENT_COLOR_NAME = AccentColor;
				CLANG_CXX_LANGUAGE_STANDARD = "gnu++17";
				CODE_SIGN_STYLE = Automatic;
				CURRENT_PROJECT_VERSION = 1;
				DEVELOPMENT_TEAM = U2W5XN7UV6;
				GENERATE_INFOPLIST_FILE = YES;
				IBSC_MODULE = WatchLandmarks_WatchKit_Extension;
				INFOPLIST_KEY_CFBundleDisplayName = WatchLandmarks;
				INFOPLIST_KEY_UISupportedInterfaceOrientations = "UIInterfaceOrientationPortrait UIInterfaceOrientationPortraitUpsideDown";
				INFOPLIST_KEY_WKCompanionAppBundleIdentifier = shadmanahmed.dev.Landmarks;
				MARKETING_VERSION = 1.0;
				PRODUCT_BUNDLE_IDENTIFIER = shadmanahmed.dev.Landmarks.watchkitapp;
				PRODUCT_NAME = "$(TARGET_NAME)";
				SDKROOT = watchos;
				SKIP_INSTALL = YES;
				SWIFT_EMIT_LOC_STRINGS = YES;
				SWIFT_VERSION = 5.0;
				TARGETED_DEVICE_FAMILY = 4;
				WATCHOS_DEPLOYMENT_TARGET = 8.0;
			};
			name = Release;
		};
		F0510367273C322D00741E26 /* Debug */ = {
			isa = XCBuildConfiguration;
			buildSettings = {
				ALWAYS_EMBED_SWIFT_STANDARD_LIBRARIES = YES;
				BUNDLE_LOADER = "$(TEST_HOST)";
				CLANG_CXX_LANGUAGE_STANDARD = "gnu++17";
				CODE_SIGN_STYLE = Automatic;
				CURRENT_PROJECT_VERSION = 1;
				DEVELOPMENT_TEAM = U2W5XN7UV6;
				GENERATE_INFOPLIST_FILE = YES;
				LD_RUNPATH_SEARCH_PATHS = (
					"$(inherited)",
					"@executable_path/Frameworks",
					"@loader_path/Frameworks",
				);
				MARKETING_VERSION = 1.0;
				PRODUCT_BUNDLE_IDENTIFIER = shadmanahmed.dev.Landmarks.WatchLandmarksTests;
				PRODUCT_NAME = "$(TARGET_NAME)";
				SDKROOT = watchos;
				SWIFT_EMIT_LOC_STRINGS = NO;
				SWIFT_VERSION = 5.0;
				TARGETED_DEVICE_FAMILY = 4;
				TEST_HOST = "$(BUILT_PRODUCTS_DIR)/WatchLandmarks WatchKit Extension.appex/WatchLandmarks WatchKit Extension";
				WATCHOS_DEPLOYMENT_TARGET = 8.0;
			};
			name = Debug;
		};
		F0510368273C322D00741E26 /* Release */ = {
			isa = XCBuildConfiguration;
			buildSettings = {
				ALWAYS_EMBED_SWIFT_STANDARD_LIBRARIES = YES;
				BUNDLE_LOADER = "$(TEST_HOST)";
				CLANG_CXX_LANGUAGE_STANDARD = "gnu++17";
				CODE_SIGN_STYLE = Automatic;
				CURRENT_PROJECT_VERSION = 1;
				DEVELOPMENT_TEAM = U2W5XN7UV6;
				GENERATE_INFOPLIST_FILE = YES;
				LD_RUNPATH_SEARCH_PATHS = (
					"$(inherited)",
					"@executable_path/Frameworks",
					"@loader_path/Frameworks",
				);
				MARKETING_VERSION = 1.0;
				PRODUCT_BUNDLE_IDENTIFIER = shadmanahmed.dev.Landmarks.WatchLandmarksTests;
				PRODUCT_NAME = "$(TARGET_NAME)";
				SDKROOT = watchos;
				SWIFT_EMIT_LOC_STRINGS = NO;
				SWIFT_VERSION = 5.0;
				TARGETED_DEVICE_FAMILY = 4;
				TEST_HOST = "$(BUILT_PRODUCTS_DIR)/WatchLandmarks WatchKit Extension.appex/WatchLandmarks WatchKit Extension";
				WATCHOS_DEPLOYMENT_TARGET = 8.0;
			};
			name = Release;
		};
		F051036A273C322D00741E26 /* Debug */ = {
			isa = XCBuildConfiguration;
			buildSettings = {
				CLANG_CXX_LANGUAGE_STANDARD = "gnu++17";
				CODE_SIGN_STYLE = Automatic;
				CURRENT_PROJECT_VERSION = 1;
				DEVELOPMENT_TEAM = U2W5XN7UV6;
				GENERATE_INFOPLIST_FILE = YES;
				LD_RUNPATH_SEARCH_PATHS = (
					"$(inherited)",
					"@executable_path/Frameworks",
					"@loader_path/Frameworks",
				);
				MARKETING_VERSION = 1.0;
				PRODUCT_BUNDLE_IDENTIFIER = shadmanahmed.dev.Landmarks.WatchLandmarksUITests;
				PRODUCT_NAME = "$(TARGET_NAME)";
				SDKROOT = watchos;
				SWIFT_EMIT_LOC_STRINGS = NO;
				SWIFT_VERSION = 5.0;
				TARGETED_DEVICE_FAMILY = 4;
				TEST_TARGET_NAME = WatchLandmarks;
				WATCHOS_DEPLOYMENT_TARGET = 8.0;
			};
			name = Debug;
		};
		F051036B273C322D00741E26 /* Release */ = {
			isa = XCBuildConfiguration;
			buildSettings = {
				CLANG_CXX_LANGUAGE_STANDARD = "gnu++17";
				CODE_SIGN_STYLE = Automatic;
				CURRENT_PROJECT_VERSION = 1;
				DEVELOPMENT_TEAM = U2W5XN7UV6;
				GENERATE_INFOPLIST_FILE = YES;
				LD_RUNPATH_SEARCH_PATHS = (
					"$(inherited)",
					"@executable_path/Frameworks",
					"@loader_path/Frameworks",
				);
				MARKETING_VERSION = 1.0;
				PRODUCT_BUNDLE_IDENTIFIER = shadmanahmed.dev.Landmarks.WatchLandmarksUITests;
				PRODUCT_NAME = "$(TARGET_NAME)";
				SDKROOT = watchos;
				SWIFT_EMIT_LOC_STRINGS = NO;
				SWIFT_VERSION = 5.0;
				TARGETED_DEVICE_FAMILY = 4;
				TEST_TARGET_NAME = WatchLandmarks;
				WATCHOS_DEPLOYMENT_TARGET = 8.0;
			};
			name = Release;
		};
		F084DF9526972DF50086C9F6 /* Debug */ = {
			isa = XCBuildConfiguration;
			buildSettings = {
				ALWAYS_SEARCH_USER_PATHS = NO;
				CLANG_ANALYZER_NONNULL = YES;
				CLANG_ANALYZER_NUMBER_OBJECT_CONVERSION = YES_AGGRESSIVE;
				CLANG_CXX_LANGUAGE_STANDARD = "gnu++14";
				CLANG_CXX_LIBRARY = "libc++";
				CLANG_ENABLE_MODULES = YES;
				CLANG_ENABLE_OBJC_ARC = YES;
				CLANG_ENABLE_OBJC_WEAK = YES;
				CLANG_WARN_BLOCK_CAPTURE_AUTORELEASING = YES;
				CLANG_WARN_BOOL_CONVERSION = YES;
				CLANG_WARN_COMMA = YES;
				CLANG_WARN_CONSTANT_CONVERSION = YES;
				CLANG_WARN_DEPRECATED_OBJC_IMPLEMENTATIONS = YES;
				CLANG_WARN_DIRECT_OBJC_ISA_USAGE = YES_ERROR;
				CLANG_WARN_DOCUMENTATION_COMMENTS = YES;
				CLANG_WARN_EMPTY_BODY = YES;
				CLANG_WARN_ENUM_CONVERSION = YES;
				CLANG_WARN_INFINITE_RECURSION = YES;
				CLANG_WARN_INT_CONVERSION = YES;
				CLANG_WARN_NON_LITERAL_NULL_CONVERSION = YES;
				CLANG_WARN_OBJC_IMPLICIT_RETAIN_SELF = YES;
				CLANG_WARN_OBJC_LITERAL_CONVERSION = YES;
				CLANG_WARN_OBJC_ROOT_CLASS = YES_ERROR;
				CLANG_WARN_QUOTED_INCLUDE_IN_FRAMEWORK_HEADER = YES;
				CLANG_WARN_RANGE_LOOP_ANALYSIS = YES;
				CLANG_WARN_STRICT_PROTOTYPES = YES;
				CLANG_WARN_SUSPICIOUS_MOVE = YES;
				CLANG_WARN_UNGUARDED_AVAILABILITY = YES_AGGRESSIVE;
				CLANG_WARN_UNREACHABLE_CODE = YES;
				CLANG_WARN__DUPLICATE_METHOD_MATCH = YES;
				COPY_PHASE_STRIP = NO;
				DEBUG_INFORMATION_FORMAT = dwarf;
				ENABLE_STRICT_OBJC_MSGSEND = YES;
				ENABLE_TESTABILITY = YES;
				GCC_C_LANGUAGE_STANDARD = gnu11;
				GCC_DYNAMIC_NO_PIC = NO;
				GCC_NO_COMMON_BLOCKS = YES;
				GCC_OPTIMIZATION_LEVEL = 0;
				GCC_PREPROCESSOR_DEFINITIONS = (
					"DEBUG=1",
					"$(inherited)",
				);
				GCC_WARN_64_TO_32_BIT_CONVERSION = YES;
				GCC_WARN_ABOUT_RETURN_TYPE = YES_ERROR;
				GCC_WARN_UNDECLARED_SELECTOR = YES;
				GCC_WARN_UNINITIALIZED_AUTOS = YES_AGGRESSIVE;
				GCC_WARN_UNUSED_FUNCTION = YES;
				GCC_WARN_UNUSED_VARIABLE = YES;
				IPHONEOS_DEPLOYMENT_TARGET = 14.5;
				MTL_ENABLE_DEBUG_INFO = INCLUDE_SOURCE;
				MTL_FAST_MATH = YES;
				ONLY_ACTIVE_ARCH = YES;
				SDKROOT = iphoneos;
				SWIFT_ACTIVE_COMPILATION_CONDITIONS = DEBUG;
				SWIFT_OPTIMIZATION_LEVEL = "-Onone";
			};
			name = Debug;
		};
		F084DF9626972DF50086C9F6 /* Release */ = {
			isa = XCBuildConfiguration;
			buildSettings = {
				ALWAYS_SEARCH_USER_PATHS = NO;
				CLANG_ANALYZER_NONNULL = YES;
				CLANG_ANALYZER_NUMBER_OBJECT_CONVERSION = YES_AGGRESSIVE;
				CLANG_CXX_LANGUAGE_STANDARD = "gnu++14";
				CLANG_CXX_LIBRARY = "libc++";
				CLANG_ENABLE_MODULES = YES;
				CLANG_ENABLE_OBJC_ARC = YES;
				CLANG_ENABLE_OBJC_WEAK = YES;
				CLANG_WARN_BLOCK_CAPTURE_AUTORELEASING = YES;
				CLANG_WARN_BOOL_CONVERSION = YES;
				CLANG_WARN_COMMA = YES;
				CLANG_WARN_CONSTANT_CONVERSION = YES;
				CLANG_WARN_DEPRECATED_OBJC_IMPLEMENTATIONS = YES;
				CLANG_WARN_DIRECT_OBJC_ISA_USAGE = YES_ERROR;
				CLANG_WARN_DOCUMENTATION_COMMENTS = YES;
				CLANG_WARN_EMPTY_BODY = YES;
				CLANG_WARN_ENUM_CONVERSION = YES;
				CLANG_WARN_INFINITE_RECURSION = YES;
				CLANG_WARN_INT_CONVERSION = YES;
				CLANG_WARN_NON_LITERAL_NULL_CONVERSION = YES;
				CLANG_WARN_OBJC_IMPLICIT_RETAIN_SELF = YES;
				CLANG_WARN_OBJC_LITERAL_CONVERSION = YES;
				CLANG_WARN_OBJC_ROOT_CLASS = YES_ERROR;
				CLANG_WARN_QUOTED_INCLUDE_IN_FRAMEWORK_HEADER = YES;
				CLANG_WARN_RANGE_LOOP_ANALYSIS = YES;
				CLANG_WARN_STRICT_PROTOTYPES = YES;
				CLANG_WARN_SUSPICIOUS_MOVE = YES;
				CLANG_WARN_UNGUARDED_AVAILABILITY = YES_AGGRESSIVE;
				CLANG_WARN_UNREACHABLE_CODE = YES;
				CLANG_WARN__DUPLICATE_METHOD_MATCH = YES;
				COPY_PHASE_STRIP = NO;
				DEBUG_INFORMATION_FORMAT = "dwarf-with-dsym";
				ENABLE_NS_ASSERTIONS = NO;
				ENABLE_STRICT_OBJC_MSGSEND = YES;
				GCC_C_LANGUAGE_STANDARD = gnu11;
				GCC_NO_COMMON_BLOCKS = YES;
				GCC_WARN_64_TO_32_BIT_CONVERSION = YES;
				GCC_WARN_ABOUT_RETURN_TYPE = YES_ERROR;
				GCC_WARN_UNDECLARED_SELECTOR = YES;
				GCC_WARN_UNINITIALIZED_AUTOS = YES_AGGRESSIVE;
				GCC_WARN_UNUSED_FUNCTION = YES;
				GCC_WARN_UNUSED_VARIABLE = YES;
				IPHONEOS_DEPLOYMENT_TARGET = 14.5;
				MTL_ENABLE_DEBUG_INFO = NO;
				MTL_FAST_MATH = YES;
				SDKROOT = iphoneos;
				SWIFT_COMPILATION_MODE = wholemodule;
				SWIFT_OPTIMIZATION_LEVEL = "-O";
				VALIDATE_PRODUCT = YES;
			};
			name = Release;
		};
		F084DF9826972DF50086C9F6 /* Debug */ = {
			isa = XCBuildConfiguration;
			buildSettings = {
				ASSETCATALOG_COMPILER_APPICON_NAME = AppIcon;
				ASSETCATALOG_COMPILER_GLOBAL_ACCENT_COLOR_NAME = AccentColor;
				CODE_SIGN_STYLE = Automatic;
				DEVELOPMENT_ASSET_PATHS = "\"Landmarks/Preview Content\"";
				DEVELOPMENT_TEAM = U2W5XN7UV6;
				ENABLE_PREVIEWS = YES;
				INFOPLIST_FILE = Landmarks/Info.plist;
				IPHONEOS_DEPLOYMENT_TARGET = 14.0;
				LD_RUNPATH_SEARCH_PATHS = (
					"$(inherited)",
					"@executable_path/Frameworks",
				);
				PRODUCT_BUNDLE_IDENTIFIER = shadmanahmed.dev.Landmarks;
				PRODUCT_NAME = "$(TARGET_NAME)";
				SWIFT_VERSION = 5.0;
				TARGETED_DEVICE_FAMILY = "1,2";
			};
			name = Debug;
		};
		F084DF9926972DF50086C9F6 /* Release */ = {
			isa = XCBuildConfiguration;
			buildSettings = {
				ASSETCATALOG_COMPILER_APPICON_NAME = AppIcon;
				ASSETCATALOG_COMPILER_GLOBAL_ACCENT_COLOR_NAME = AccentColor;
				CODE_SIGN_STYLE = Automatic;
				DEVELOPMENT_ASSET_PATHS = "\"Landmarks/Preview Content\"";
				DEVELOPMENT_TEAM = U2W5XN7UV6;
				ENABLE_PREVIEWS = YES;
				INFOPLIST_FILE = Landmarks/Info.plist;
				IPHONEOS_DEPLOYMENT_TARGET = 14.0;
				LD_RUNPATH_SEARCH_PATHS = (
					"$(inherited)",
					"@executable_path/Frameworks",
				);
				PRODUCT_BUNDLE_IDENTIFIER = shadmanahmed.dev.Landmarks;
				PRODUCT_NAME = "$(TARGET_NAME)";
				SWIFT_VERSION = 5.0;
				TARGETED_DEVICE_FAMILY = "1,2";
			};
			name = Release;
		};
		F084DF9B26972DF50086C9F6 /* Debug */ = {
			isa = XCBuildConfiguration;
			buildSettings = {
				ALWAYS_EMBED_SWIFT_STANDARD_LIBRARIES = YES;
				BUNDLE_LOADER = "$(TEST_HOST)";
				CODE_SIGN_STYLE = Automatic;
				DEVELOPMENT_TEAM = U2W5XN7UV6;
				INFOPLIST_FILE = LandmarksTests/Info.plist;
				IPHONEOS_DEPLOYMENT_TARGET = 14.0;
				LD_RUNPATH_SEARCH_PATHS = (
					"$(inherited)",
					"@executable_path/Frameworks",
					"@loader_path/Frameworks",
				);
				PRODUCT_BUNDLE_IDENTIFIER = shadmanahmed.dev.LandmarksTests;
				PRODUCT_NAME = "$(TARGET_NAME)";
				SWIFT_VERSION = 5.0;
				TARGETED_DEVICE_FAMILY = "1,2";
				TEST_HOST = "$(BUILT_PRODUCTS_DIR)/Landmarks.app/Landmarks";
			};
			name = Debug;
		};
		F084DF9C26972DF50086C9F6 /* Release */ = {
			isa = XCBuildConfiguration;
			buildSettings = {
				ALWAYS_EMBED_SWIFT_STANDARD_LIBRARIES = YES;
				BUNDLE_LOADER = "$(TEST_HOST)";
				CODE_SIGN_STYLE = Automatic;
				DEVELOPMENT_TEAM = U2W5XN7UV6;
				INFOPLIST_FILE = LandmarksTests/Info.plist;
				IPHONEOS_DEPLOYMENT_TARGET = 14.0;
				LD_RUNPATH_SEARCH_PATHS = (
					"$(inherited)",
					"@executable_path/Frameworks",
					"@loader_path/Frameworks",
				);
				PRODUCT_BUNDLE_IDENTIFIER = shadmanahmed.dev.LandmarksTests;
				PRODUCT_NAME = "$(TARGET_NAME)";
				SWIFT_VERSION = 5.0;
				TARGETED_DEVICE_FAMILY = "1,2";
				TEST_HOST = "$(BUILT_PRODUCTS_DIR)/Landmarks.app/Landmarks";
			};
			name = Release;
		};
		F084DF9E26972DF50086C9F6 /* Debug */ = {
			isa = XCBuildConfiguration;
			buildSettings = {
				ALWAYS_EMBED_SWIFT_STANDARD_LIBRARIES = YES;
				CODE_SIGN_STYLE = Automatic;
				DEVELOPMENT_TEAM = U2W5XN7UV6;
				INFOPLIST_FILE = LandmarksUITests/Info.plist;
				LD_RUNPATH_SEARCH_PATHS = (
					"$(inherited)",
					"@executable_path/Frameworks",
					"@loader_path/Frameworks",
				);
				PRODUCT_BUNDLE_IDENTIFIER = shadmanahmed.dev.LandmarksUITests;
				PRODUCT_NAME = "$(TARGET_NAME)";
				SWIFT_VERSION = 5.0;
				TARGETED_DEVICE_FAMILY = "1,2";
				TEST_TARGET_NAME = Landmarks;
			};
			name = Debug;
		};
		F084DF9F26972DF50086C9F6 /* Release */ = {
			isa = XCBuildConfiguration;
			buildSettings = {
				ALWAYS_EMBED_SWIFT_STANDARD_LIBRARIES = YES;
				CODE_SIGN_STYLE = Automatic;
				DEVELOPMENT_TEAM = U2W5XN7UV6;
				INFOPLIST_FILE = LandmarksUITests/Info.plist;
				LD_RUNPATH_SEARCH_PATHS = (
					"$(inherited)",
					"@executable_path/Frameworks",
					"@loader_path/Frameworks",
				);
				PRODUCT_BUNDLE_IDENTIFIER = shadmanahmed.dev.LandmarksUITests;
				PRODUCT_NAME = "$(TARGET_NAME)";
				SWIFT_VERSION = 5.0;
				TARGETED_DEVICE_FAMILY = "1,2";
				TEST_TARGET_NAME = Landmarks;
			};
			name = Release;
		};
/* End XCBuildConfiguration section */

/* Begin XCConfigurationList section */
		F051035E273C322D00741E26 /* Build configuration list for PBXNativeTarget "WatchLandmarks WatchKit Extension" */ = {
			isa = XCConfigurationList;
			buildConfigurations = (
				F051035F273C322D00741E26 /* Debug */,
				F0510360273C322D00741E26 /* Release */,
			);
			defaultConfigurationIsVisible = 0;
			defaultConfigurationName = Release;
		};
		F0510362273C322D00741E26 /* Build configuration list for PBXNativeTarget "WatchLandmarks" */ = {
			isa = XCConfigurationList;
			buildConfigurations = (
				F0510363273C322D00741E26 /* Debug */,
				F0510364273C322D00741E26 /* Release */,
			);
			defaultConfigurationIsVisible = 0;
			defaultConfigurationName = Release;
		};
		F0510366273C322D00741E26 /* Build configuration list for PBXNativeTarget "WatchLandmarksTests" */ = {
			isa = XCConfigurationList;
			buildConfigurations = (
				F0510367273C322D00741E26 /* Debug */,
				F0510368273C322D00741E26 /* Release */,
			);
			defaultConfigurationIsVisible = 0;
			defaultConfigurationName = Release;
		};
		F0510369273C322D00741E26 /* Build configuration list for PBXNativeTarget "WatchLandmarksUITests" */ = {
			isa = XCConfigurationList;
			buildConfigurations = (
				F051036A273C322D00741E26 /* Debug */,
				F051036B273C322D00741E26 /* Release */,
			);
			defaultConfigurationIsVisible = 0;
			defaultConfigurationName = Release;
		};
		F084DF6D26972DF00086C9F6 /* Build configuration list for PBXProject "Landmarks" */ = {
			isa = XCConfigurationList;
			buildConfigurations = (
				F084DF9526972DF50086C9F6 /* Debug */,
				F084DF9626972DF50086C9F6 /* Release */,
			);
			defaultConfigurationIsVisible = 0;
			defaultConfigurationName = Release;
		};
		F084DF9726972DF50086C9F6 /* Build configuration list for PBXNativeTarget "Landmarks" */ = {
			isa = XCConfigurationList;
			buildConfigurations = (
				F084DF9826972DF50086C9F6 /* Debug */,
				F084DF9926972DF50086C9F6 /* Release */,
			);
			defaultConfigurationIsVisible = 0;
			defaultConfigurationName = Release;
		};
		F084DF9A26972DF50086C9F6 /* Build configuration list for PBXNativeTarget "LandmarksTests" */ = {
			isa = XCConfigurationList;
			buildConfigurations = (
				F084DF9B26972DF50086C9F6 /* Debug */,
				F084DF9C26972DF50086C9F6 /* Release */,
			);
			defaultConfigurationIsVisible = 0;
			defaultConfigurationName = Release;
		};
		F084DF9D26972DF50086C9F6 /* Build configuration list for PBXNativeTarget "LandmarksUITests" */ = {
			isa = XCConfigurationList;
			buildConfigurations = (
				F084DF9E26972DF50086C9F6 /* Debug */,
				F084DF9F26972DF50086C9F6 /* Release */,
			);
			defaultConfigurationIsVisible = 0;
			defaultConfigurationName = Release;
		};
/* End XCConfigurationList section */
	};
	rootObject = F084DF6A26972DF00086C9F6 /* Project object */;
}
